
Microsoft Visual Studio Solution File, Format Version 12.00
# Visual Studio Version 17
VisualStudioVersion = 17.4.33213.308
MinimumVisualStudioVersion = 10.0.40219.1
Project("{FAE04EC0-301F-11D3-BF4B-00C04F79EFBC}") = "Flight_Schedule", "Flight_Schedule\Flight_Schedule.csproj", "{469201AF-2D0C-4001-BA46-894C524F6A30}"
EndProject
Global
	GlobalSection(SolutionConfigurationPlatforms) = preSolution
		Debug|Any CPU = Debug|Any CPU
		Release|Any CPU = Release|Any CPU
	EndGlobalSection
	GlobalSection(ProjectConfigurationPlatforms) = postSolution
		{469201AF-2D0C-4001-BA46-894C524F6A30}.Debug|Any CPU.ActiveCfg = Debug|Any CPU
		{469201AF-2D0C-4001-BA46-894C524F6A30}.Debug|Any CPU.Build.0 = Debug|Any CPU
		{469201AF-2D0C-4001-BA46-894C524F6A30}.Release|Any CPU.ActiveCfg = Release|Any CPU
		{469201AF-2D0C-4001-BA46-894C524F6A30}.Release|Any CPU.Build.0 = Release|Any CPU
	EndGlobalSection
	GlobalSection(SolutionProperties) = preSolution
		HideSolutionNode = FALSE
	EndGlobalSection
	GlobalSection(ExtensibilityGlobals) = postSolution
		SolutionGuid = {8A5B1600-51E7-46A5-B0A9-1C4F84D03E5B}
	EndGlobalSection
EndGlobal
